
Microsoft Visual Studio Solution File, Format Version 12.00
# Visual Studio 15
VisualStudioVersion = 15.0.26730.16
MinimumVisualStudioVersion = 10.0.40219.1
Project("{FAE04EC0-301F-11D3-BF4B-00C04F79EFBC}") = "FFCG.Generation.CD-CI", "FFCG.Generation.CD-CI\FFCG.Generation.CD-CI.csproj", "{13491078-AE91-4C30-88BF-9E18EBDF7264}"
EndProject
Project("{FAE04EC0-301F-11D3-BF4B-00C04F79EFBC}") = "FFCG.Generation.CD-CI.Web", "..\FFCG.Generation.CD-CI.Web\FFCG.Generation.CD-CI.Web.csproj", "{6EBE173D-8E84-474E-86C3-DC687A4AC9AD}"
EndProject
Project("{FAE04EC0-301F-11D3-BF4B-00C04F79EFBC}") = "FFCG.Generation.CD-CI.Web.Tests", "FFCG.Generation.CD-CI.Web.Tests\FFCG.Generation.CD-CI.Web.Tests.csproj", "{3CEAA534-D660-4E6B-88DA-B0C75584CDF3}"
EndProject
Global
	GlobalSection(SolutionConfigurationPlatforms) = preSolution
		Debug|Any CPU = Debug|Any CPU
		Release|Any CPU = Release|Any CPU
	EndGlobalSection
	GlobalSection(ProjectConfigurationPlatforms) = postSolution
		{13491078-AE91-4C30-88BF-9E18EBDF7264}.Debug|Any CPU.ActiveCfg = Debug|Any CPU
		{13491078-AE91-4C30-88BF-9E18EBDF7264}.Debug|Any CPU.Build.0 = Debug|Any CPU
		{13491078-AE91-4C30-88BF-9E18EBDF7264}.Release|Any CPU.ActiveCfg = Release|Any CPU
		{13491078-AE91-4C30-88BF-9E18EBDF7264}.Release|Any CPU.Build.0 = Release|Any CPU
		{6EBE173D-8E84-474E-86C3-DC687A4AC9AD}.Debug|Any CPU.ActiveCfg = Debug|Any CPU
		{6EBE173D-8E84-474E-86C3-DC687A4AC9AD}.Debug|Any CPU.Build.0 = Debug|Any CPU
		{6EBE173D-8E84-474E-86C3-DC687A4AC9AD}.Release|Any CPU.ActiveCfg = Release|Any CPU
		{6EBE173D-8E84-474E-86C3-DC687A4AC9AD}.Release|Any CPU.Build.0 = Release|Any CPU
		{3CEAA534-D660-4E6B-88DA-B0C75584CDF3}.Debug|Any CPU.ActiveCfg = Debug|Any CPU
		{3CEAA534-D660-4E6B-88DA-B0C75584CDF3}.Debug|Any CPU.Build.0 = Debug|Any CPU
		{3CEAA534-D660-4E6B-88DA-B0C75584CDF3}.Release|Any CPU.ActiveCfg = Release|Any CPU
		{3CEAA534-D660-4E6B-88DA-B0C75584CDF3}.Release|Any CPU.Build.0 = Release|Any CPU
	EndGlobalSection
	GlobalSection(SolutionProperties) = preSolution
		HideSolutionNode = FALSE
	EndGlobalSection
	GlobalSection(ExtensibilityGlobals) = postSolution
		SolutionGuid = {88DEB75D-76E0-4838-951B-212DE2A466C5}
	EndGlobalSection
EndGlobal
